// !$*UTF8*$!
{
	archiveVersion = 1;
	classes = {
	};
	objectVersion = 50;
	objects = {

/* Begin PBXBuildFile section */
		7EEDF846CD0AA82F9FD04BF3 /* Pods_KettleTests.framework in Frameworks */ = {isa = PBXBuildFile; fileRef = 6F0A370094402D89AAD0D31A /* Pods_KettleTests.framework */; };
		8825447D36EDA73F25DE3262 /* Pods_Kettle.framework in Frameworks */ = {isa = PBXBuildFile; fileRef = 5F4D0EE2DE146EA005F246C1 /* Pods_Kettle.framework */; };
		E058F823218784B80023C311 /* AppDelegate.swift in Sources */ = {isa = PBXBuildFile; fileRef = E058F822218784B80023C311 /* AppDelegate.swift */; };
		E058F825218784B80023C311 /* ViewController.swift in Sources */ = {isa = PBXBuildFile; fileRef = E058F824218784B80023C311 /* ViewController.swift */; };
		E058F828218784B80023C311 /* Main.storyboard in Resources */ = {isa = PBXBuildFile; fileRef = E058F826218784B80023C311 /* Main.storyboard */; };
		E058F82A218784B90023C311 /* Assets.xcassets in Resources */ = {isa = PBXBuildFile; fileRef = E058F829218784B90023C311 /* Assets.xcassets */; };
		E058F82D218784B90023C311 /* LaunchScreen.storyboard in Resources */ = {isa = PBXBuildFile; fileRef = E058F82B218784B90023C311 /* LaunchScreen.storyboard */; };
		E058F838218784B90023C311 /* KettleTests.swift in Sources */ = {isa = PBXBuildFile; fileRef = E058F837218784B90023C311 /* KettleTests.swift */; };
		E058F843218784B90023C311 /* KettleUITests.swift in Sources */ = {isa = PBXBuildFile; fileRef = E058F842218784B90023C311 /* KettleUITests.swift */; };
		EB349E696D1DF92B24F8AA57 /* Pods_KettleUITests.framework in Frameworks */ = {isa = PBXBuildFile; fileRef = 40BB6A0A451C2BEF8DA6A37B /* Pods_KettleUITests.framework */; };
/* End PBXBuildFile section */

/* Begin PBXContainerItemProxy section */
		E058F834218784B90023C311 /* PBXContainerItemProxy */ = {
			isa = PBXContainerItemProxy;
			containerPortal = E058F817218784B70023C311 /* Project object */;
			proxyType = 1;
			remoteGlobalIDString = E058F81E218784B80023C311;
			remoteInfo = Kettle;
		};
		E058F83F218784B90023C311 /* PBXContainerItemProxy */ = {
			isa = PBXContainerItemProxy;
			containerPortal = E058F817218784B70023C311 /* Project object */;
			proxyType = 1;
			remoteGlobalIDString = E058F81E218784B80023C311;
			remoteInfo = Kettle;
		};
/* End PBXContainerItemProxy section */

/* Begin PBXFileReference section */
		0D202B4143910004A68F78F4 /* Pods-KettleTests.debug.xcconfig */ = {isa = PBXFileReference; includeInIndex = 1; lastKnownFileType = text.xcconfig; name = "Pods-KettleTests.debug.xcconfig"; path = "Pods/Target Support Files/Pods-KettleTests/Pods-KettleTests.debug.xcconfig"; sourceTree = "<group>"; };
		35CEF537A5D7FCFDE8F25F02 /* Pods-KettleUITests.release.xcconfig */ = {isa = PBXFileReference; includeInIndex = 1; lastKnownFileType = text.xcconfig; name = "Pods-KettleUITests.release.xcconfig"; path = "Pods/Target Support Files/Pods-KettleUITests/Pods-KettleUITests.release.xcconfig"; sourceTree = "<group>"; };
		40BB6A0A451C2BEF8DA6A37B /* Pods_KettleUITests.framework */ = {isa = PBXFileReference; explicitFileType = wrapper.framework; includeInIndex = 0; path = Pods_KettleUITests.framework; sourceTree = BUILT_PRODUCTS_DIR; };
		5F4D0EE2DE146EA005F246C1 /* Pods_Kettle.framework */ = {isa = PBXFileReference; explicitFileType = wrapper.framework; includeInIndex = 0; path = Pods_Kettle.framework; sourceTree = BUILT_PRODUCTS_DIR; };
		6F0A370094402D89AAD0D31A /* Pods_KettleTests.framework */ = {isa = PBXFileReference; explicitFileType = wrapper.framework; includeInIndex = 0; path = Pods_KettleTests.framework; sourceTree = BUILT_PRODUCTS_DIR; };
		6F9106BD00855D100D449B12 /* Pods-Kettle.release.xcconfig */ = {isa = PBXFileReference; includeInIndex = 1; lastKnownFileType = text.xcconfig; name = "Pods-Kettle.release.xcconfig"; path = "Pods/Target Support Files/Pods-Kettle/Pods-Kettle.release.xcconfig"; sourceTree = "<group>"; };
		9323B600C5F5040117B669CF /* Pods-Kettle.debug.xcconfig */ = {isa = PBXFileReference; includeInIndex = 1; lastKnownFileType = text.xcconfig; name = "Pods-Kettle.debug.xcconfig"; path = "Pods/Target Support Files/Pods-Kettle/Pods-Kettle.debug.xcconfig"; sourceTree = "<group>"; };
		E046641910089DA84027555D /* Pods-KettleTests.release.xcconfig */ = {isa = PBXFileReference; includeInIndex = 1; lastKnownFileType = text.xcconfig; name = "Pods-KettleTests.release.xcconfig"; path = "Pods/Target Support Files/Pods-KettleTests/Pods-KettleTests.release.xcconfig"; sourceTree = "<group>"; };
		E058F81F218784B80023C311 /* Kettle.app */ = {isa = PBXFileReference; explicitFileType = wrapper.application; includeInIndex = 0; path = Kettle.app; sourceTree = BUILT_PRODUCTS_DIR; };
		E058F822218784B80023C311 /* AppDelegate.swift */ = {isa = PBXFileReference; lastKnownFileType = sourcecode.swift; path = AppDelegate.swift; sourceTree = "<group>"; };
		E058F824218784B80023C311 /* ViewController.swift */ = {isa = PBXFileReference; lastKnownFileType = sourcecode.swift; path = ViewController.swift; sourceTree = "<group>"; };
		E058F827218784B80023C311 /* Base */ = {isa = PBXFileReference; lastKnownFileType = file.storyboard; name = Base; path = Base.lproj/Main.storyboard; sourceTree = "<group>"; };
		E058F829218784B90023C311 /* Assets.xcassets */ = {isa = PBXFileReference; lastKnownFileType = folder.assetcatalog; path = Assets.xcassets; sourceTree = "<group>"; };
		E058F82C218784B90023C311 /* Base */ = {isa = PBXFileReference; lastKnownFileType = file.storyboard; name = Base; path = Base.lproj/LaunchScreen.storyboard; sourceTree = "<group>"; };
		E058F82E218784B90023C311 /* Info.plist */ = {isa = PBXFileReference; lastKnownFileType = text.plist.xml; path = Info.plist; sourceTree = "<group>"; };
		E058F833218784B90023C311 /* KettleTests.xctest */ = {isa = PBXFileReference; explicitFileType = wrapper.cfbundle; includeInIndex = 0; path = KettleTests.xctest; sourceTree = BUILT_PRODUCTS_DIR; };
		E058F837218784B90023C311 /* KettleTests.swift */ = {isa = PBXFileReference; lastKnownFileType = sourcecode.swift; path = KettleTests.swift; sourceTree = "<group>"; };
		E058F839218784B90023C311 /* Info.plist */ = {isa = PBXFileReference; lastKnownFileType = text.plist.xml; path = Info.plist; sourceTree = "<group>"; };
		E058F83E218784B90023C311 /* KettleUITests.xctest */ = {isa = PBXFileReference; explicitFileType = wrapper.cfbundle; includeInIndex = 0; path = KettleUITests.xctest; sourceTree = BUILT_PRODUCTS_DIR; };
		E058F842218784B90023C311 /* KettleUITests.swift */ = {isa = PBXFileReference; lastKnownFileType = sourcecode.swift; path = KettleUITests.swift; sourceTree = "<group>"; };
		E058F844218784B90023C311 /* Info.plist */ = {isa = PBXFileReference; lastKnownFileType = text.plist.xml; path = Info.plist; sourceTree = "<group>"; };
		F6FC7D124B6AB4AC1E63AE9B /* Pods-KettleUITests.debug.xcconfig */ = {isa = PBXFileReference; includeInIndex = 1; lastKnownFileType = text.xcconfig; name = "Pods-KettleUITests.debug.xcconfig"; path = "Pods/Target Support Files/Pods-KettleUITests/Pods-KettleUITests.debug.xcconfig"; sourceTree = "<group>"; };
/* End PBXFileReference section */

/* Begin PBXFrameworksBuildPhase section */
		E058F81C218784B80023C311 /* Frameworks */ = {
			isa = PBXFrameworksBuildPhase;
			buildActionMask = 2147483647;
			files = (
				8825447D36EDA73F25DE3262 /* Pods_Kettle.framework in Frameworks */,
			);
			runOnlyForDeploymentPostprocessing = 0;
		};
		E058F830218784B90023C311 /* Frameworks */ = {
			isa = PBXFrameworksBuildPhase;
			buildActionMask = 2147483647;
			files = (
				7EEDF846CD0AA82F9FD04BF3 /* Pods_KettleTests.framework in Frameworks */,
			);
			runOnlyForDeploymentPostprocessing = 0;
		};
		E058F83B218784B90023C311 /* Frameworks */ = {
			isa = PBXFrameworksBuildPhase;
			buildActionMask = 2147483647;
			files = (
				EB349E696D1DF92B24F8AA57 /* Pods_KettleUITests.framework in Frameworks */,
			);
			runOnlyForDeploymentPostprocessing = 0;
		};
/* End PBXFrameworksBuildPhase section */

/* Begin PBXGroup section */
		5FF93947117DE029D80A0460 /* Frameworks */ = {
			isa = PBXGroup;
			children = (
				5F4D0EE2DE146EA005F246C1 /* Pods_Kettle.framework */,
				6F0A370094402D89AAD0D31A /* Pods_KettleTests.framework */,
				40BB6A0A451C2BEF8DA6A37B /* Pods_KettleUITests.framework */,
			);
			name = Frameworks;
			sourceTree = "<group>";
		};
		90F07064FDF47A14812CDFD0 /* Pods */ = {
			isa = PBXGroup;
			children = (
				9323B600C5F5040117B669CF /* Pods-Kettle.debug.xcconfig */,
				6F9106BD00855D100D449B12 /* Pods-Kettle.release.xcconfig */,
				0D202B4143910004A68F78F4 /* Pods-KettleTests.debug.xcconfig */,
				E046641910089DA84027555D /* Pods-KettleTests.release.xcconfig */,
				F6FC7D124B6AB4AC1E63AE9B /* Pods-KettleUITests.debug.xcconfig */,
				35CEF537A5D7FCFDE8F25F02 /* Pods-KettleUITests.release.xcconfig */,
			);
			name = Pods;
			sourceTree = "<group>";
		};
		E058F816218784B70023C311 = {
			isa = PBXGroup;
			children = (
				E058F821218784B80023C311 /* Kettle */,
				E058F836218784B90023C311 /* KettleTests */,
				E058F841218784B90023C311 /* KettleUITests */,
				E058F820218784B80023C311 /* Products */,
				90F07064FDF47A14812CDFD0 /* Pods */,
				5FF93947117DE029D80A0460 /* Frameworks */,
			);
			sourceTree = "<group>";
		};
		E058F820218784B80023C311 /* Products */ = {
			isa = PBXGroup;
			children = (
				E058F81F218784B80023C311 /* Kettle.app */,
				E058F833218784B90023C311 /* KettleTests.xctest */,
				E058F83E218784B90023C311 /* KettleUITests.xctest */,
			);
			name = Products;
			sourceTree = "<group>";
		};
		E058F821218784B80023C311 /* Kettle */ = {
			isa = PBXGroup;
			children = (
				E058F822218784B80023C311 /* AppDelegate.swift */,
				E058F824218784B80023C311 /* ViewController.swift */,
				E058F826218784B80023C311 /* Main.storyboard */,
				E058F829218784B90023C311 /* Assets.xcassets */,
				E058F82B218784B90023C311 /* LaunchScreen.storyboard */,
				E058F82E218784B90023C311 /* Info.plist */,
			);
			path = Kettle;
			sourceTree = "<group>";
		};
		E058F836218784B90023C311 /* KettleTests */ = {
			isa = PBXGroup;
			children = (
				E058F837218784B90023C311 /* KettleTests.swift */,
				E058F839218784B90023C311 /* Info.plist */,
			);
			path = KettleTests;
			sourceTree = "<group>";
		};
		E058F841218784B90023C311 /* KettleUITests */ = {
			isa = PBXGroup;
			children = (
				E058F842218784B90023C311 /* KettleUITests.swift */,
				E058F844218784B90023C311 /* Info.plist */,
			);
			path = KettleUITests;
			sourceTree = "<group>";
		};
/* End PBXGroup section */

/* Begin PBXNativeTarget section */
		E058F81E218784B80023C311 /* Kettle */ = {
			isa = PBXNativeTarget;
			buildConfigurationList = E058F847218784B90023C311 /* Build configuration list for PBXNativeTarget "Kettle" */;
			buildPhases = (
				8581F438917F7A9ABB0B679A /* [CP] Check Pods Manifest.lock */,
				E058F81B218784B80023C311 /* Sources */,
				E058F81C218784B80023C311 /* Frameworks */,
				E058F81D218784B80023C311 /* Resources */,
			);
			buildRules = (
			);
			dependencies = (
			);
			name = Kettle;
			productName = Kettle;
			productReference = E058F81F218784B80023C311 /* Kettle.app */;
			productType = "com.apple.product-type.application";
		};
		E058F832218784B90023C311 /* KettleTests */ = {
			isa = PBXNativeTarget;
			buildConfigurationList = E058F84A218784B90023C311 /* Build configuration list for PBXNativeTarget "KettleTests" */;
			buildPhases = (
				F45EF23E5E2571B8AF479393 /* [CP] Check Pods Manifest.lock */,
				E058F82F218784B90023C311 /* Sources */,
				E058F830218784B90023C311 /* Frameworks */,
				E058F831218784B90023C311 /* Resources */,
			);
			buildRules = (
			);
			dependencies = (
				E058F835218784B90023C311 /* PBXTargetDependency */,
			);
			name = KettleTests;
			productName = KettleTests;
			productReference = E058F833218784B90023C311 /* KettleTests.xctest */;
			productType = "com.apple.product-type.bundle.unit-test";
		};
		E058F83D218784B90023C311 /* KettleUITests */ = {
			isa = PBXNativeTarget;
			buildConfigurationList = E058F84D218784B90023C311 /* Build configuration list for PBXNativeTarget "KettleUITests" */;
			buildPhases = (
				1BCFF308AF2F01B9B2731C49 /* [CP] Check Pods Manifest.lock */,
				E058F83A218784B90023C311 /* Sources */,
				E058F83B218784B90023C311 /* Frameworks */,
				E058F83C218784B90023C311 /* Resources */,
			);
			buildRules = (
			);
			dependencies = (
				E058F840218784B90023C311 /* PBXTargetDependency */,
			);
			name = KettleUITests;
			productName = KettleUITests;
			productReference = E058F83E218784B90023C311 /* KettleUITests.xctest */;
			productType = "com.apple.product-type.bundle.ui-testing";
		};
/* End PBXNativeTarget section */

/* Begin PBXProject section */
		E058F817218784B70023C311 /* Project object */ = {
			isa = PBXProject;
			attributes = {
				LastSwiftUpdateCheck = 0940;
				LastUpgradeCheck = 0940;
				ORGANIZATIONNAME = "Natalia Garcia";
				TargetAttributes = {
					E058F81E218784B80023C311 = {
						CreatedOnToolsVersion = 9.4.1;
					};
					E058F832218784B90023C311 = {
						CreatedOnToolsVersion = 9.4.1;
						TestTargetID = E058F81E218784B80023C311;
					};
					E058F83D218784B90023C311 = {
						CreatedOnToolsVersion = 9.4.1;
						TestTargetID = E058F81E218784B80023C311;
					};
				};
			};
			buildConfigurationList = E058F81A218784B70023C311 /* Build configuration list for PBXProject "Kettle" */;
			compatibilityVersion = "Xcode 9.3";
			developmentRegion = en;
			hasScannedForEncodings = 0;
			knownRegions = (
				en,
				Base,
			);
			mainGroup = E058F816218784B70023C311;
			productRefGroup = E058F820218784B80023C311 /* Products */;
			projectDirPath = "";
			projectRoot = "";
			targets = (
				E058F81E218784B80023C311 /* Kettle */,
				E058F832218784B90023C311 /* KettleTests */,
				E058F83D218784B90023C311 /* KettleUITests */,
			);
		};
/* End PBXProject section */

/* Begin PBXResourcesBuildPhase section */
		E058F81D218784B80023C311 /* Resources */ = {
			isa = PBXResourcesBuildPhase;
			buildActionMask = 2147483647;
			files = (
				E058F82D218784B90023C311 /* LaunchScreen.storyboard in Resources */,
				E058F82A218784B90023C311 /* Assets.xcassets in Resources */,
				E058F828218784B80023C311 /* Main.storyboard in Resources */,
			);
			runOnlyForDeploymentPostprocessing = 0;
		};
		E058F831218784B90023C311 /* Resources */ = {
			isa = PBXResourcesBuildPhase;
			buildActionMask = 2147483647;
			files = (
			);
			runOnlyForDeploymentPostprocessing = 0;
		};
		E058F83C218784B90023C311 /* Resources */ = {
			isa = PBXResourcesBuildPhase;
			buildActionMask = 2147483647;
			files = (
			);
			runOnlyForDeploymentPostprocessing = 0;
		};
/* End PBXResourcesBuildPhase section */

/* Begin PBXShellScriptBuildPhase section */
		1BCFF308AF2F01B9B2731C49 /* [CP] Check Pods Manifest.lock */ = {
			isa = PBXShellScriptBuildPhase;
			buildActionMask = 2147483647;
			files = (
			);
			inputPaths = (
				"${PODS_PODFILE_DIR_PATH}/Podfile.lock",
				"${PODS_ROOT}/Manifest.lock",
			);
			name = "[CP] Check Pods Manifest.lock";
			outputPaths = (
				"$(DERIVED_FILE_DIR)/Pods-KettleUITests-checkManifestLockResult.txt",
			);
			runOnlyForDeploymentPostprocessing = 0;
			shellPath = /bin/sh;
			shellScript = "diff \"${PODS_PODFILE_DIR_PATH}/Podfile.lock\" \"${PODS_ROOT}/Manifest.lock\" > /dev/null\nif [ $? != 0 ] ; then\n    # print error to STDERR\n    echo \"error: The sandbox is not in sync with the Podfile.lock. Run 'pod install' or update your CocoaPods installation.\" >&2\n    exit 1\nfi\n# This output is used by Xcode 'outputs' to avoid re-running this script phase.\necho \"SUCCESS\" > \"${SCRIPT_OUTPUT_FILE_0}\"\n";
			showEnvVarsInLog = 0;
		};
		8581F438917F7A9ABB0B679A /* [CP] Check Pods Manifest.lock */ = {
			isa = PBXShellScriptBuildPhase;
			buildActionMask = 2147483647;
			files = (
			);
			inputPaths = (
				"${PODS_PODFILE_DIR_PATH}/Podfile.lock",
				"${PODS_ROOT}/Manifest.lock",
			);
			name = "[CP] Check Pods Manifest.lock";
			outputPaths = (
				"$(DERIVED_FILE_DIR)/Pods-Kettle-checkManifestLockResult.txt",
			);
			runOnlyForDeploymentPostprocessing = 0;
			shellPath = /bin/sh;
			shellScript = "diff \"${PODS_PODFILE_DIR_PATH}/Podfile.lock\" \"${PODS_ROOT}/Manifest.lock\" > /dev/null\nif [ $? != 0 ] ; then\n    # print error to STDERR\n    echo \"error: The sandbox is not in sync with the Podfile.lock. Run 'pod install' or update your CocoaPods installation.\" >&2\n    exit 1\nfi\n# This output is used by Xcode 'outputs' to avoid re-running this script phase.\necho \"SUCCESS\" > \"${SCRIPT_OUTPUT_FILE_0}\"\n";
			showEnvVarsInLog = 0;
		};
		F45EF23E5E2571B8AF479393 /* [CP] Check Pods Manifest.lock */ = {
			isa = PBXShellScriptBuildPhase;
			buildActionMask = 2147483647;
			files = (
			);
			inputPaths = (
				"${PODS_PODFILE_DIR_PATH}/Podfile.lock",
				"${PODS_ROOT}/Manifest.lock",
			);
			name = "[CP] Check Pods Manifest.lock";
			outputPaths = (
				"$(DERIVED_FILE_DIR)/Pods-KettleTests-checkManifestLockResult.txt",
			);
			runOnlyForDeploymentPostprocessing = 0;
			shellPath = /bin/sh;
			shellScript = "diff \"${PODS_PODFILE_DIR_PATH}/Podfile.lock\" \"${PODS_ROOT}/Manifest.lock\" > /dev/null\nif [ $? != 0 ] ; then\n    # print error to STDERR\n    echo \"error: The sandbox is not in sync with the Podfile.lock. Run 'pod install' or update your CocoaPods installation.\" >&2\n    exit 1\nfi\n# This output is used by Xcode 'outputs' to avoid re-running this script phase.\necho \"SUCCESS\" > \"${SCRIPT_OUTPUT_FILE_0}\"\n";
			showEnvVarsInLog = 0;
		};
/* End PBXShellScriptBuildPhase section */

/* Begin PBXSourcesBuildPhase section */
		E058F81B218784B80023C311 /* Sources */ = {
			isa = PBXSourcesBuildPhase;
			buildActionMask = 2147483647;
			files = (
				E058F825218784B80023C311 /* ViewController.swift in Sources */,
				E058F823218784B80023C311 /* AppDelegate.swift in Sources */,
			);
			runOnlyForDeploymentPostprocessing = 0;
		};
		E058F82F218784B90023C311 /* Sources */ = {
			isa = PBXSourcesBuildPhase;
			buildActionMask = 2147483647;
			files = (
				E058F838218784B90023C311 /* KettleTests.swift in Sources */,
			);
			runOnlyForDeploymentPostprocessing = 0;
		};
		E058F83A218784B90023C311 /* Sources */ = {
			isa = PBXSourcesBuildPhase;
			buildActionMask = 2147483647;
			files = (
				E058F843218784B90023C311 /* KettleUITests.swift in Sources */,
			);
			runOnlyForDeploymentPostprocessing = 0;
		};
/* End PBXSourcesBuildPhase section */

/* Begin PBXTargetDependency section */
		E058F835218784B90023C311 /* PBXTargetDependency */ = {
			isa = PBXTargetDependency;
			target = E058F81E218784B80023C311 /* Kettle */;
			targetProxy = E058F834218784B90023C311 /* PBXContainerItemProxy */;
		};
		E058F840218784B90023C311 /* PBXTargetDependency */ = {
			isa = PBXTargetDependency;
			target = E058F81E218784B80023C311 /* Kettle */;
			targetProxy = E058F83F218784B90023C311 /* PBXContainerItemProxy */;
		};
/* End PBXTargetDependency section */

/* Begin PBXVariantGroup section */
		E058F826218784B80023C311 /* Main.storyboard */ = {
			isa = PBXVariantGroup;
			children = (
				E058F827218784B80023C311 /* Base */,
			);
			name = Main.storyboard;
			sourceTree = "<group>";
		};
		E058F82B218784B90023C311 /* LaunchScreen.storyboard */ = {
			isa = PBXVariantGroup;
			children = (
				E058F82C218784B90023C311 /* Base */,
			);
			name = LaunchScreen.storyboard;
			sourceTree = "<group>";
		};
/* End PBXVariantGroup section */

/* Begin XCBuildConfiguration section */
		E058F845218784B90023C311 /* Debug */ = {
			isa = XCBuildConfiguration;
			buildSettings = {
				ALWAYS_SEARCH_USER_PATHS = NO;
				CLANG_ANALYZER_NONNULL = YES;
				CLANG_ANALYZER_NUMBER_OBJECT_CONVERSION = YES_AGGRESSIVE;
				CLANG_CXX_LANGUAGE_STANDARD = "gnu++14";
				CLANG_CXX_LIBRARY = "libc++";
				CLANG_ENABLE_MODULES = YES;
				CLANG_ENABLE_OBJC_ARC = YES;
				CLANG_ENABLE_OBJC_WEAK = YES;
				CLANG_WARN_BLOCK_CAPTURE_AUTORELEASING = YES;
				CLANG_WARN_BOOL_CONVERSION = YES;
				CLANG_WARN_COMMA = YES;
				CLANG_WARN_CONSTANT_CONVERSION = YES;
				CLANG_WARN_DEPRECATED_OBJC_IMPLEMENTATIONS = YES;
				CLANG_WARN_DIRECT_OBJC_ISA_USAGE = YES_ERROR;
				CLANG_WARN_DOCUMENTATION_COMMENTS = YES;
				CLANG_WARN_EMPTY_BODY = YES;
				CLANG_WARN_ENUM_CONVERSION = YES;
				CLANG_WARN_INFINITE_RECURSION = YES;
				CLANG_WARN_INT_CONVERSION = YES;
				CLANG_WARN_NON_LITERAL_NULL_CONVERSION = YES;
				CLANG_WARN_OBJC_IMPLICIT_RETAIN_SELF = YES;
				CLANG_WARN_OBJC_LITERAL_CONVERSION = YES;
				CLANG_WARN_OBJC_ROOT_CLASS = YES_ERROR;
				CLANG_WARN_RANGE_LOOP_ANALYSIS = YES;
				CLANG_WARN_STRICT_PROTOTYPES = YES;
				CLANG_WARN_SUSPICIOUS_MOVE = YES;
				CLANG_WARN_UNGUARDED_AVAILABILITY = YES_AGGRESSIVE;
				CLANG_WARN_UNREACHABLE_CODE = YES;
				CLANG_WARN__DUPLICATE_METHOD_MATCH = YES;
				CODE_SIGN_IDENTITY = "iPhone Developer";
				COPY_PHASE_STRIP = NO;
				DEBUG_INFORMATION_FORMAT = dwarf;
				ENABLE_STRICT_OBJC_MSGSEND = YES;
				ENABLE_TESTABILITY = YES;
				GCC_C_LANGUAGE_STANDARD = gnu11;
				GCC_DYNAMIC_NO_PIC = NO;
				GCC_NO_COMMON_BLOCKS = YES;
				GCC_OPTIMIZATION_LEVEL = 0;
				GCC_PREPROCESSOR_DEFINITIONS = (
					"DEBUG=1",
					"$(inherited)",
				);
				GCC_WARN_64_TO_32_BIT_CONVERSION = YES;
				GCC_WARN_ABOUT_RETURN_TYPE = YES_ERROR;
				GCC_WARN_UNDECLARED_SELECTOR = YES;
				GCC_WARN_UNINITIALIZED_AUTOS = YES_AGGRESSIVE;
				GCC_WARN_UNUSED_FUNCTION = YES;
				GCC_WARN_UNUSED_VARIABLE = YES;
				IPHONEOS_DEPLOYMENT_TARGET = 11.4;
				MTL_ENABLE_DEBUG_INFO = YES;
				ONLY_ACTIVE_ARCH = YES;
				SDKROOT = iphoneos;
				SWIFT_ACTIVE_COMPILATION_CONDITIONS = DEBUG;
				SWIFT_OPTIMIZATION_LEVEL = "-Onone";
			};
			name = Debug;
		};
		E058F846218784B90023C311 /* Release */ = {
			isa = XCBuildConfiguration;
			buildSettings = {
				ALWAYS_SEARCH_USER_PATHS = NO;
				CLANG_ANALYZER_NONNULL = YES;
				CLANG_ANALYZER_NUMBER_OBJECT_CONVERSION = YES_AGGRESSIVE;
				CLANG_CXX_LANGUAGE_STANDARD = "gnu++14";
				CLANG_CXX_LIBRARY = "libc++";
				CLANG_ENABLE_MODULES = YES;
				CLANG_ENABLE_OBJC_ARC = YES;
				CLANG_ENABLE_OBJC_WEAK = YES;
				CLANG_WARN_BLOCK_CAPTURE_AUTORELEASING = YES;
				CLANG_WARN_BOOL_CONVERSION = YES;
				CLANG_WARN_COMMA = YES;
				CLANG_WARN_CONSTANT_CONVERSION = YES;
				CLANG_WARN_DEPRECATED_OBJC_IMPLEMENTATIONS = YES;
				CLANG_WARN_DIRECT_OBJC_ISA_USAGE = YES_ERROR;
				CLANG_WARN_DOCUMENTATION_COMMENTS = YES;
				CLANG_WARN_EMPTY_BODY = YES;
				CLANG_WARN_ENUM_CONVERSION = YES;
				CLANG_WARN_INFINITE_RECURSION = YES;
				CLANG_WARN_INT_CONVERSION = YES;
				CLANG_WARN_NON_LITERAL_NULL_CONVERSION = YES;
				CLANG_WARN_OBJC_IMPLICIT_RETAIN_SELF = YES;
				CLANG_WARN_OBJC_LITERAL_CONVERSION = YES;
				CLANG_WARN_OBJC_ROOT_CLASS = YES_ERROR;
				CLANG_WARN_RANGE_LOOP_ANALYSIS = YES;
				CLANG_WARN_STRICT_PROTOTYPES = YES;
				CLANG_WARN_SUSPICIOUS_MOVE = YES;
				CLANG_WARN_UNGUARDED_AVAILABILITY = YES_AGGRESSIVE;
				CLANG_WARN_UNREACHABLE_CODE = YES;
				CLANG_WARN__DUPLICATE_METHOD_MATCH = YES;
				CODE_SIGN_IDENTITY = "iPhone Developer";
				COPY_PHASE_STRIP = NO;
				DEBUG_INFORMATION_FORMAT = "dwarf-with-dsym";
				ENABLE_NS_ASSERTIONS = NO;
				ENABLE_STRICT_OBJC_MSGSEND = YES;
				GCC_C_LANGUAGE_STANDARD = gnu11;
				GCC_NO_COMMON_BLOCKS = YES;
				GCC_WARN_64_TO_32_BIT_CONVERSION = YES;
				GCC_WARN_ABOUT_RETURN_TYPE = YES_ERROR;
				GCC_WARN_UNDECLARED_SELECTOR = YES;
				GCC_WARN_UNINITIALIZED_AUTOS = YES_AGGRESSIVE;
				GCC_WARN_UNUSED_FUNCTION = YES;
				GCC_WARN_UNUSED_VARIABLE = YES;
				IPHONEOS_DEPLOYMENT_TARGET = 11.4;
				MTL_ENABLE_DEBUG_INFO = NO;
				SDKROOT = iphoneos;
				SWIFT_COMPILATION_MODE = wholemodule;
				SWIFT_OPTIMIZATION_LEVEL = "-O";
				VALIDATE_PRODUCT = YES;
			};
			name = Release;
		};
		E058F848218784B90023C311 /* Debug */ = {
			isa = XCBuildConfiguration;
			baseConfigurationReference = 9323B600C5F5040117B669CF /* Pods-Kettle.debug.xcconfig */;
			buildSettings = {
				ASSETCATALOG_COMPILER_APPICON_NAME = AppIcon;
				CODE_SIGN_STYLE = Automatic;
				DEVELOPMENT_TEAM = W9A2Z4G63K;
				INFOPLIST_FILE = Kettle/Info.plist;
				LD_RUNPATH_SEARCH_PATHS = (
					"$(inherited)",
					"@executable_path/Frameworks",
				);
				PRODUCT_BUNDLE_IDENTIFIER = com.pic2cal.Kettle;
				PRODUCT_NAME = "$(TARGET_NAME)";
				SWIFT_VERSION = 4.0;
				TARGETED_DEVICE_FAMILY = "1,2";
			};
			name = Debug;
		};
		E058F849218784B90023C311 /* Release */ = {
			isa = XCBuildConfiguration;
			baseConfigurationReference = 6F9106BD00855D100D449B12 /* Pods-Kettle.release.xcconfig */;
			buildSettings = {
				ASSETCATALOG_COMPILER_APPICON_NAME = AppIcon;
				CODE_SIGN_STYLE = Automatic;
				DEVELOPMENT_TEAM = W9A2Z4G63K;
				INFOPLIST_FILE = Kettle/Info.plist;
				LD_RUNPATH_SEARCH_PATHS = (
					"$(inherited)",
					"@executable_path/Frameworks",
				);
				PRODUCT_BUNDLE_IDENTIFIER = com.pic2cal.Kettle;
				PRODUCT_NAME = "$(TARGET_NAME)";
				SWIFT_VERSION = 4.0;
				TARGETED_DEVICE_FAMILY = "1,2";
			};
			name = Release;
		};
		E058F84B218784B90023C311 /* Debug */ = {
			isa = XCBuildConfiguration;
			baseConfigurationReference = 0D202B4143910004A68F78F4 /* Pods-KettleTests.debug.xcconfig */;
			buildSettings = {
				ALWAYS_EMBED_SWIFT_STANDARD_LIBRARIES = YES;
				BUNDLE_LOADER = "$(TEST_HOST)";
				CODE_SIGN_STYLE = Automatic;
				DEVELOPMENT_TEAM = W9A2Z4G63K;
				INFOPLIST_FILE = KettleTests/Info.plist;
				LD_RUNPATH_SEARCH_PATHS = (
					"$(inherited)",
					"@executable_path/Frameworks",
					"@loader_path/Frameworks",
				);
				PRODUCT_BUNDLE_IDENTIFIER = com.pic2cal.KettleTests;
				PRODUCT_NAME = "$(TARGET_NAME)";
				SWIFT_VERSION = 4.0;
				TARGETED_DEVICE_FAMILY = "1,2";
				TEST_HOST = "$(BUILT_PRODUCTS_DIR)/Kettle.app/Kettle";
			};
			name = Debug;
		};
		E058F84C218784B90023C311 /* Release */ = {
			isa = XCBuildConfiguration;
			baseConfigurationReference = E046641910089DA84027555D /* Pods-KettleTests.release.xcconfig */;
			buildSettings = {
				ALWAYS_EMBED_SWIFT_STANDARD_LIBRARIES = YES;
				BUNDLE_LOADER = "$(TEST_HOST)";
				CODE_SIGN_STYLE = Automatic;
				DEVELOPMENT_TEAM = W9A2Z4G63K;
				INFOPLIST_FILE = KettleTests/Info.plist;
				LD_RUNPATH_SEARCH_PATHS = (
					"$(inherited)",
					"@executable_path/Frameworks",
					"@loader_path/Frameworks",
				);
				PRODUCT_BUNDLE_IDENTIFIER = com.pic2cal.KettleTests;
				PRODUCT_NAME = "$(TARGET_NAME)";
				SWIFT_VERSION = 4.0;
				TARGETED_DEVICE_FAMILY = "1,2";
				TEST_HOST = "$(BUILT_PRODUCTS_DIR)/Kettle.app/Kettle";
			};
			name = Release;
		};
		E058F84E218784B90023C311 /* Debug */ = {
			isa = XCBuildConfiguration;
			baseConfigurationReference = F6FC7D124B6AB4AC1E63AE9B /* Pods-KettleUITests.debug.xcconfig */;
			buildSettings = {
				ALWAYS_EMBED_SWIFT_STANDARD_LIBRARIES = YES;
				CODE_SIGN_STYLE = Automatic;
				DEVELOPMENT_TEAM = W9A2Z4G63K;
				INFOPLIST_FILE = KettleUITests/Info.plist;
				LD_RUNPATH_SEARCH_PATHS = (
					"$(inherited)",
					"@executable_path/Frameworks",
					"@loader_path/Frameworks",
				);
				PRODUCT_BUNDLE_IDENTIFIER = com.pic2cal.KettleUITests;
				PRODUCT_NAME = "$(TARGET_NAME)";
				SWIFT_VERSION = 4.0;
				TARGETED_DEVICE_FAMILY = "1,2";
				TEST_TARGET_NAME = Kettle;
			};
			name = Debug;
		};
		E058F84F218784B90023C311 /* Release */ = {
			isa = XCBuildConfiguration;
			baseConfigurationReference = 35CEF537A5D7FCFDE8F25F02 /* Pods-KettleUITests.release.xcconfig */;
			buildSettings = {
				ALWAYS_EMBED_SWIFT_STANDARD_LIBRARIES = YES;
				CODE_SIGN_STYLE = Automatic;
				DEVELOPMENT_TEAM = W9A2Z4G63K;
				INFOPLIST_FILE = KettleUITests/Info.plist;
				LD_RUNPATH_SEARCH_PATHS = (
					"$(inherited)",
					"@executable_path/Frameworks",
					"@loader_path/Frameworks",
				);
				PRODUCT_BUNDLE_IDENTIFIER = com.pic2cal.KettleUITests;
				PRODUCT_NAME = "$(TARGET_NAME)";
				SWIFT_VERSION = 4.0;
				TARGETED_DEVICE_FAMILY = "1,2";
				TEST_TARGET_NAME = Kettle;
			};
			name = Release;
		};
/* End XCBuildConfiguration section */

/* Begin XCConfigurationList section */
		E058F81A218784B70023C311 /* Build configuration list for PBXProject "Kettle" */ = {
			isa = XCConfigurationList;
			buildConfigurations = (
				E058F845218784B90023C311 /* Debug */,
				E058F846218784B90023C311 /* Release */,
			);
			defaultConfigurationIsVisible = 0;
			defaultConfigurationName = Release;
		};
		E058F847218784B90023C311 /* Build configuration list for PBXNativeTarget "Kettle" */ = {
			isa = XCConfigurationList;
			buildConfigurations = (
				E058F848218784B90023C311 /* Debug */,
				E058F849218784B90023C311 /* Release */,
			);
			defaultConfigurationIsVisible = 0;
			defaultConfigurationName = Release;
		};
		E058F84A218784B90023C311 /* Build configuration list for PBXNativeTarget "KettleTests" */ = {
			isa = XCConfigurationList;
			buildConfigurations = (
				E058F84B218784B90023C311 /* Debug */,
				E058F84C218784B90023C311 /* Release */,
			);
			defaultConfigurationIsVisible = 0;
			defaultConfigurationName = Release;
		};
		E058F84D218784B90023C311 /* Build configuration list for PBXNativeTarget "KettleUITests" */ = {
			isa = XCConfigurationList;
			buildConfigurations = (
				E058F84E218784B90023C311 /* Debug */,
				E058F84F218784B90023C311 /* Release */,
			);
			defaultConfigurationIsVisible = 0;
			defaultConfigurationName = Release;
		};
/* End XCConfigurationList section */
	};
	rootObject = E058F817218784B70023C311 /* Project object */;
}
